
Microsoft Visual Studio Solution File, Format Version 12.00
# Visual Studio Version 17
VisualStudioVersion = 17.5.002.0
MinimumVisualStudioVersion = 10.0.40219.1
Project("{9A19103F-16F7-4668-BE54-9A1E7A4F7556}") = "DesafioFundamentos", "DesafioFundamentos\DesafioFundamentos.csproj", "{CE831E56-7363-43AE-A1E2-BBC65290FA5A}"
EndProject
Global
	GlobalSection(SolutionConfigurationPlatforms) = preSolution
		Debug|Any CPU = Debug|Any CPU
		Release|Any CPU = Release|Any CPU
	EndGlobalSection
	GlobalSection(ProjectConfigurationPlatforms) = postSolution
		{CE831E56-7363-43AE-A1E2-BBC65290FA5A}.Debug|Any CPU.ActiveCfg = Debug|Any CPU
		{CE831E56-7363-43AE-A1E2-BBC65290FA5A}.Debug|Any CPU.Build.0 = Debug|Any CPU
		{CE831E56-7363-43AE-A1E2-BBC65290FA5A}.Release|Any CPU.ActiveCfg = Release|Any CPU
		{CE831E56-7363-43AE-A1E2-BBC65290FA5A}.Release|Any CPU.Build.0 = Release|Any CPU
	EndGlobalSection
	GlobalSection(SolutionProperties) = preSolution
		HideSolutionNode = FALSE
	EndGlobalSection
	GlobalSection(ExtensibilityGlobals) = postSolution
		SolutionGuid = {883872A9-6AF3-412F-98DC-08F2970B65C9}
	EndGlobalSection
EndGlobal
